dependencies:
  espressif/esp_tinyusb:
    component_hash: 2be80f1c9fcdc1ccf945e001856b88fee5a82c321187c3f4351519928e5de168
    dependencies:
    - name: espressif/tinyusb
      registry_url: https://components.espressif.com
      require: public
      version: '>=0.14.2'
    - name: idf
      registry_url: https://components.espressif.com
      require: private
      version: '>=5.0'
    source:
      registry_url: https://components.espressif.com/
      type: service
    version: 1.4.5
  espressif/tinyusb:
    component_hash: 8a9e23b8cdc733b51fed357979139f5ae63a2fed3ce4e7c41d505f685f7d741a
    dependencies:
    - name: idf
      require: private
      version: '>=5.0'
    source:
      registry_url: https://components.espressif.com
      type: service
    targets:
    - esp32s2
    - esp32s3
    - esp32p4
    version: 0.17.0~1
  idf:
    source:
      type: idf
    version: 5.3.1
direct_dependencies:
- espressif/esp_tinyusb
- idf
manifest_hash: b889140f5d35f887bf2fcadbaf986ecf5b6cb609dbeac00a8b15d5fafd6f03a1
target: esp32s3
version: 2.0.0
